
Microsoft Visual Studio Solution File, Format Version 12.00
# Visual Studio 15
VisualStudioVersion = 15.0.28307.705
MinimumVisualStudioVersion = 10.0.40219.1
Project("{FAE04EC0-301F-11D3-BF4B-00C04F79EFBC}") = "TreeBreadcrumbControl", "TreeBreadcrumbControl\TreeBreadcrumbControl.csproj", "{45C2DFDA-DECB-4377-BE2D-61E281838635}"
EndProject
Project("{FAE04EC0-301F-11D3-BF4B-00C04F79EFBC}") = "Demo", "Demo\Demo.csproj", "{906C5AEF-939C-4E69-8C25-8832F0B4CD9B}"
EndProject
Global
	GlobalSection(SolutionConfigurationPlatforms) = preSolution
		Debug|Any CPU = Debug|Any CPU
		Release|Any CPU = Release|Any CPU
	EndGlobalSection
	GlobalSection(ProjectConfigurationPlatforms) = postSolution
		{45C2DFDA-DECB-4377-BE2D-61E281838635}.Debug|Any CPU.ActiveCfg = Debug|Any CPU
		{45C2DFDA-DECB-4377-BE2D-61E281838635}.Debug|Any CPU.Build.0 = Debug|Any CPU
		{45C2DFDA-DECB-4377-BE2D-61E281838635}.Release|Any CPU.ActiveCfg = Release|Any CPU
		{45C2DFDA-DECB-4377-BE2D-61E281838635}.Release|Any CPU.Build.0 = Release|Any CPU
		{906C5AEF-939C-4E69-8C25-8832F0B4CD9B}.Debug|Any CPU.ActiveCfg = Debug|Any CPU
		{906C5AEF-939C-4E69-8C25-8832F0B4CD9B}.Debug|Any CPU.Build.0 = Debug|Any CPU
		{906C5AEF-939C-4E69-8C25-8832F0B4CD9B}.Release|Any CPU.ActiveCfg = Release|Any CPU
		{906C5AEF-939C-4E69-8C25-8832F0B4CD9B}.Release|Any CPU.Build.0 = Release|Any CPU
	EndGlobalSection
	GlobalSection(SolutionProperties) = preSolution
		HideSolutionNode = FALSE
	EndGlobalSection
	GlobalSection(ExtensibilityGlobals) = postSolution
		SolutionGuid = {14E69648-E846-43BE-9C14-D3B8181AC068}
	EndGlobalSection
EndGlobal
